// !$*UTF8*$!
{
	archiveVersion = 1;
	classes = {
	};
	objectVersion = 50;
	objects = {

/* Begin PBXBuildFile section */
		08BDAF5A21721A8100AEB355 /* ModeData.swift in Sources */ = {isa = PBXBuildFile; fileRef = 08BDAF5921721A8100AEB355 /* ModeData.swift */; };
		08FB21A02170BEDD009AAC3F /* AppDelegate.swift in Sources */ = {isa = PBXBuildFile; fileRef = 08FB219F2170BEDD009AAC3F /* AppDelegate.swift */; };
		08FB21A22170BEDD009AAC3F /* ViewController.swift in Sources */ = {isa = PBXBuildFile; fileRef = 08FB21A12170BEDD009AAC3F /* ViewController.swift */; };
		08FB21A52170BEDD009AAC3F /* Main.storyboard in Resources */ = {isa = PBXBuildFile; fileRef = 08FB21A32170BEDD009AAC3F /* Main.storyboard */; };
		08FB21A72170BEE1009AAC3F /* Assets.xcassets in Resources */ = {isa = PBXBuildFile; fileRef = 08FB21A62170BEE1009AAC3F /* Assets.xcassets */; };
		08FB21AA2170BEE1009AAC3F /* LaunchScreen.storyboard in Resources */ = {isa = PBXBuildFile; fileRef = 08FB21A82170BEE1009AAC3F /* LaunchScreen.storyboard */; };
		08FB21B22170C179009AAC3F /* PickerVC.swift in Sources */ = {isa = PBXBuildFile; fileRef = 08FB21B12170C179009AAC3F /* PickerVC.swift */; };
		08FB21B42170C18F009AAC3F /* MapController.swift in Sources */ = {isa = PBXBuildFile; fileRef = 08FB21B32170C18F009AAC3F /* MapController.swift */; };
		08FB21B62170C19E009AAC3F /* CityVC.swift in Sources */ = {isa = PBXBuildFile; fileRef = 08FB21B52170C19E009AAC3F /* CityVC.swift */; };
		08FB21B82170C1B9009AAC3F /* CitytableViewCell.swift in Sources */ = {isa = PBXBuildFile; fileRef = 08FB21B72170C1B9009AAC3F /* CitytableViewCell.swift */; };
/* End PBXBuildFile section */

/* Begin PBXFileReference section */
		08BDAF5921721A8100AEB355 /* ModeData.swift */ = {isa = PBXFileReference; lastKnownFileType = sourcecode.swift; path = ModeData.swift; sourceTree = "<group>"; };
		08FB219C2170BEDD009AAC3F /* Taskmaps.app */ = {isa = PBXFileReference; explicitFileType = wrapper.application; includeInIndex = 0; path = Taskmaps.app; sourceTree = BUILT_PRODUCTS_DIR; };
		08FB219F2170BEDD009AAC3F /* AppDelegate.swift */ = {isa = PBXFileReference; lastKnownFileType = sourcecode.swift; path = AppDelegate.swift; sourceTree = "<group>"; };
		08FB21A12170BEDD009AAC3F /* ViewController.swift */ = {isa = PBXFileReference; lastKnownFileType = sourcecode.swift; path = ViewController.swift; sourceTree = "<group>"; };
		08FB21A42170BEDD009AAC3F /* Base */ = {isa = PBXFileReference; lastKnownFileType = file.storyboard; name = Base; path = Base.lproj/Main.storyboard; sourceTree = "<group>"; };
		08FB21A62170BEE1009AAC3F /* Assets.xcassets */ = {isa = PBXFileReference; lastKnownFileType = folder.assetcatalog; path = Assets.xcassets; sourceTree = "<group>"; };
		08FB21A92170BEE1009AAC3F /* Base */ = {isa = PBXFileReference; lastKnownFileType = file.storyboard; name = Base; path = Base.lproj/LaunchScreen.storyboard; sourceTree = "<group>"; };
		08FB21AB2170BEE1009AAC3F /* Info.plist */ = {isa = PBXFileReference; lastKnownFileType = text.plist.xml; path = Info.plist; sourceTree = "<group>"; };
		08FB21B12170C179009AAC3F /* PickerVC.swift */ = {isa = PBXFileReference; lastKnownFileType = sourcecode.swift; path = PickerVC.swift; sourceTree = "<group>"; };
		08FB21B32170C18F009AAC3F /* MapController.swift */ = {isa = PBXFileReference; lastKnownFileType = sourcecode.swift; path = MapController.swift; sourceTree = "<group>"; };
		08FB21B52170C19E009AAC3F /* CityVC.swift */ = {isa = PBXFileReference; lastKnownFileType = sourcecode.swift; path = CityVC.swift; sourceTree = "<group>"; };
		08FB21B72170C1B9009AAC3F /* CitytableViewCell.swift */ = {isa = PBXFileReference; lastKnownFileType = sourcecode.swift; path = CitytableViewCell.swift; sourceTree = "<group>"; };
/* End PBXFileReference section */

/* Begin PBXFrameworksBuildPhase section */
		08FB21992170BEDD009AAC3F /* Frameworks */ = {
			isa = PBXFrameworksBuildPhase;
			buildActionMask = 2147483647;
			files = (
			);
			runOnlyForDeploymentPostprocessing = 0;
		};
/* End PBXFrameworksBuildPhase section */

/* Begin PBXGroup section */
		08FB21932170BEDD009AAC3F = {
			isa = PBXGroup;
			children = (
				08FB219E2170BEDD009AAC3F /* Taskmaps */,
				08FB219D2170BEDD009AAC3F /* Products */,
			);
			sourceTree = "<group>";
		};
		08FB219D2170BEDD009AAC3F /* Products */ = {
			isa = PBXGroup;
			children = (
				08FB219C2170BEDD009AAC3F /* Taskmaps.app */,
			);
			name = Products;
			sourceTree = "<group>";
		};
		08FB219E2170BEDD009AAC3F /* Taskmaps */ = {
			isa = PBXGroup;
			children = (
				08FB219F2170BEDD009AAC3F /* AppDelegate.swift */,
				08FB21A12170BEDD009AAC3F /* ViewController.swift */,
				08FB21A32170BEDD009AAC3F /* Main.storyboard */,
				08FB21B12170C179009AAC3F /* PickerVC.swift */,
				08FB21B32170C18F009AAC3F /* MapController.swift */,
				08BDAF5921721A8100AEB355 /* ModeData.swift */,
				08FB21B52170C19E009AAC3F /* CityVC.swift */,
				08FB21B72170C1B9009AAC3F /* CitytableViewCell.swift */,
				08FB21A62170BEE1009AAC3F /* Assets.xcassets */,
				08FB21A82170BEE1009AAC3F /* LaunchScreen.storyboard */,
				08FB21AB2170BEE1009AAC3F /* Info.plist */,
			);
			path = Taskmaps;
			sourceTree = "<group>";
		};
/* End PBXGroup section */

/* Begin PBXNativeTarget section */
		08FB219B2170BEDD009AAC3F /* Taskmaps */ = {
			isa = PBXNativeTarget;
			buildConfigurationList = 08FB21AE2170BEE1009AAC3F /* Build configuration list for PBXNativeTarget "Taskmaps" */;
			buildPhases = (
				08FB21982170BEDD009AAC3F /* Sources */,
				08FB21992170BEDD009AAC3F /* Frameworks */,
				08FB219A2170BEDD009AAC3F /* Resources */,
			);
			buildRules = (
			);
			dependencies = (
			);
			name = Taskmaps;
			productName = Taskmaps;
			productReference = 08FB219C2170BEDD009AAC3F /* Taskmaps.app */;
			productType = "com.apple.product-type.application";
		};
/* End PBXNativeTarget section */

/* Begin PBXProject section */
		08FB21942170BEDD009AAC3F /* Project object */ = {
			isa = PBXProject;
			attributes = {
				LastSwiftUpdateCheck = 1000;
				LastUpgradeCheck = 1000;
				ORGANIZATIONNAME = FullStackNet;
				TargetAttributes = {
					08FB219B2170BEDD009AAC3F = {
						CreatedOnToolsVersion = 10.0;
						SystemCapabilities = {
							com.apple.BackgroundModes = {
								enabled = 1;
							};
						};
					};
				};
			};
			buildConfigurationList = 08FB21972170BEDD009AAC3F /* Build configuration list for PBXProject "Taskmaps" */;
			compatibilityVersion = "Xcode 9.3";
			developmentRegion = en;
			hasScannedForEncodings = 0;
			knownRegions = (
				en,
				Base,
			);
			mainGroup = 08FB21932170BEDD009AAC3F;
			productRefGroup = 08FB219D2170BEDD009AAC3F /* Products */;
			projectDirPath = "";
			projectRoot = "";
			targets = (
				08FB219B2170BEDD009AAC3F /* Taskmaps */,
			);
		};
/* End PBXProject section */

/* Begin PBXResourcesBuildPhase section */
		08FB219A2170BEDD009AAC3F /* Resources */ = {
			isa = PBXResourcesBuildPhase;
			buildActionMask = 2147483647;
			files = (
				08FB21AA2170BEE1009AAC3F /* LaunchScreen.storyboard in Resources */,
				08FB21A72170BEE1009AAC3F /* Assets.xcassets in Resources */,
				08FB21A52170BEDD009AAC3F /* Main.storyboard in Resources */,
			);
			runOnlyForDeploymentPostprocessing = 0;
		};
/* End PBXResourcesBuildPhase section */

/* Begin PBXSourcesBuildPhase section */
		08FB21982170BEDD009AAC3F /* Sources */ = {
			isa = PBXSourcesBuildPhase;
			buildActionMask = 2147483647;
			files = (
				08BDAF5A21721A8100AEB355 /* ModeData.swift in Sources */,
				08FB21B22170C179009AAC3F /* PickerVC.swift in Sources */,
				08FB21B42170C18F009AAC3F /* MapController.swift in Sources */,
				08FB21B82170C1B9009AAC3F /* CitytableViewCell.swift in Sources */,
				08FB21A22170BEDD009AAC3F /* ViewController.swift in Sources */,
				08FB21A02170BEDD009AAC3F /* AppDelegate.swift in Sources */,
				08FB21B62170C19E009AAC3F /* CityVC.swift in Sources */,
			);
			runOnlyForDeploymentPostprocessing = 0;
		};
/* End PBXSourcesBuildPhase section */

/* Begin PBXVariantGroup section */
		08FB21A32170BEDD009AAC3F /* Main.storyboard */ = {
			isa = PBXVariantGroup;
			children = (
				08FB21A42170BEDD009AAC3F /* Base */,
			);
			name = Main.storyboard;
			sourceTree = "<group>";
		};
		08FB21A82170BEE1009AAC3F /* LaunchScreen.storyboard */ = {
			isa = PBXVariantGroup;
			children = (
				08FB21A92170BEE1009AAC3F /* Base */,
			);
			name = LaunchScreen.storyboard;
			sourceTree = "<group>";
		};
/* End PBXVariantGroup section */

/* Begin XCBuildConfiguration section */
		08FB21AC2170BEE1009AAC3F /* Debug */ = {
			isa = XCBuildConfiguration;
			buildSettings = {
				ALWAYS_SEARCH_USER_PATHS = NO;
				CLANG_ANALYZER_NONNULL = YES;
				CLANG_ANALYZER_NUMBER_OBJECT_CONVERSION = YES_AGGRESSIVE;
				CLANG_CXX_LANGUAGE_STANDARD = "gnu++14";
				CLANG_CXX_LIBRARY = "libc++";
				CLANG_ENABLE_MODULES = YES;
				CLANG_ENABLE_OBJC_ARC = YES;
				CLANG_ENABLE_OBJC_WEAK = YES;
				CLANG_WARN_BLOCK_CAPTURE_AUTORELEASING = YES;
				CLANG_WARN_BOOL_CONVERSION = YES;
				CLANG_WARN_COMMA = YES;
				CLANG_WARN_CONSTANT_CONVERSION = YES;
				CLANG_WARN_DEPRECATED_OBJC_IMPLEMENTATIONS = YES;
				CLANG_WARN_DIRECT_OBJC_ISA_USAGE = YES_ERROR;
				CLANG_WARN_DOCUMENTATION_COMMENTS = YES;
				CLANG_WARN_EMPTY_BODY = YES;
				CLANG_WARN_ENUM_CONVERSION = YES;
				CLANG_WARN_INFINITE_RECURSION = YES;
				CLANG_WARN_INT_CONVERSION = YES;
				CLANG_WARN_NON_LITERAL_NULL_CONVERSION = YES;
				CLANG_WARN_OBJC_IMPLICIT_RETAIN_SELF = YES;
				CLANG_WARN_OBJC_LITERAL_CONVERSION = YES;
				CLANG_WARN_OBJC_ROOT_CLASS = YES_ERROR;
				CLANG_WARN_RANGE_LOOP_ANALYSIS = YES;
				CLANG_WARN_STRICT_PROTOTYPES = YES;
				CLANG_WARN_SUSPICIOUS_MOVE = YES;
				CLANG_WARN_UNGUARDED_AVAILABILITY = YES_AGGRESSIVE;
				CLANG_WARN_UNREACHABLE_CODE = YES;
				CLANG_WARN__DUPLICATE_METHOD_MATCH = YES;
				CODE_SIGN_IDENTITY = "iPhone Developer";
				COPY_PHASE_STRIP = NO;
				DEBUG_INFORMATION_FORMAT = dwarf;
				ENABLE_STRICT_OBJC_MSGSEND = YES;
				ENABLE_TESTABILITY = YES;
				GCC_C_LANGUAGE_STANDARD = gnu11;
				GCC_DYNAMIC_NO_PIC = NO;
				GCC_NO_COMMON_BLOCKS = YES;
				GCC_OPTIMIZATION_LEVEL = 0;
				GCC_PREPROCESSOR_DEFINITIONS = (
					"DEBUG=1",
					"$(inherited)",
				);
				GCC_WARN_64_TO_32_BIT_CONVERSION = YES;
				GCC_WARN_ABOUT_RETURN_TYPE = YES_ERROR;
				GCC_WARN_UNDECLARED_SELECTOR = YES;
				GCC_WARN_UNINITIALIZED_AUTOS = YES_AGGRESSIVE;
				GCC_WARN_UNUSED_FUNCTION = YES;
				GCC_WARN_UNUSED_VARIABLE = YES;
				IPHONEOS_DEPLOYMENT_TARGET = 12.0;
				MTL_ENABLE_DEBUG_INFO = INCLUDE_SOURCE;
				MTL_FAST_MATH = YES;
				ONLY_ACTIVE_ARCH = YES;
				SDKROOT = iphoneos;
				SWIFT_ACTIVE_COMPILATION_CONDITIONS = DEBUG;
				SWIFT_OPTIMIZATION_LEVEL = "-Onone";
			};
			name = Debug;
		};
		08FB21AD2170BEE1009AAC3F /* Release */ = {
			isa = XCBuildConfiguration;
			buildSettings = {
				ALWAYS_SEARCH_USER_PATHS = NO;
				CLANG_ANALYZER_NONNULL = YES;
				CLANG_ANALYZER_NUMBER_OBJECT_CONVERSION = YES_AGGRESSIVE;
				CLANG_CXX_LANGUAGE_STANDARD = "gnu++14";
				CLANG_CXX_LIBRARY = "libc++";
				CLANG_ENABLE_MODULES = YES;
				CLANG_ENABLE_OBJC_ARC = YES;
				CLANG_ENABLE_OBJC_WEAK = YES;
				CLANG_WARN_BLOCK_CAPTURE_AUTORELEASING = YES;
				CLANG_WARN_BOOL_CONVERSION = YES;
				CLANG_WARN_COMMA = YES;
				CLANG_WARN_CONSTANT_CONVERSION = YES;
				CLANG_WARN_DEPRECATED_OBJC_IMPLEMENTATIONS = YES;
				CLANG_WARN_DIRECT_OBJC_ISA_USAGE = YES_ERROR;
				CLANG_WARN_DOCUMENTATION_COMMENTS = YES;
				CLANG_WARN_EMPTY_BODY = YES;
				CLANG_WARN_ENUM_CONVERSION = YES;
				CLANG_WARN_INFINITE_RECURSION = YES;
				CLANG_WARN_INT_CONVERSION = YES;
				CLANG_WARN_NON_LITERAL_NULL_CONVERSION = YES;
				CLANG_WARN_OBJC_IMPLICIT_RETAIN_SELF = YES;
				CLANG_WARN_OBJC_LITERAL_CONVERSION = YES;
				CLANG_WARN_OBJC_ROOT_CLASS = YES_ERROR;
				CLANG_WARN_RANGE_LOOP_ANALYSIS = YES;
				CLANG_WARN_STRICT_PROTOTYPES = YES;
				CLANG_WARN_SUSPICIOUS_MOVE = YES;
				CLANG_WARN_UNGUARDED_AVAILABILITY = YES_AGGRESSIVE;
				CLANG_WARN_UNREACHABLE_CODE = YES;
				CLANG_WARN__DUPLICATE_METHOD_MATCH = YES;
				CODE_SIGN_IDENTITY = "iPhone Developer";
				COPY_PHASE_STRIP = NO;
				DEBUG_INFORMATION_FORMAT = "dwarf-with-dsym";
				ENABLE_NS_ASSERTIONS = NO;
				ENABLE_STRICT_OBJC_MSGSEND = YES;
				GCC_C_LANGUAGE_STANDARD = gnu11;
				GCC_NO_COMMON_BLOCKS = YES;
				GCC_WARN_64_TO_32_BIT_CONVERSION = YES;
				GCC_WARN_ABOUT_RETURN_TYPE = YES_ERROR;
				GCC_WARN_UNDECLARED_SELECTOR = YES;
				GCC_WARN_UNINITIALIZED_AUTOS = YES_AGGRESSIVE;
				GCC_WARN_UNUSED_FUNCTION = YES;
				GCC_WARN_UNUSED_VARIABLE = YES;
				IPHONEOS_DEPLOYMENT_TARGET = 12.0;
				MTL_ENABLE_DEBUG_INFO = NO;
				MTL_FAST_MATH = YES;
				SDKROOT = iphoneos;
				SWIFT_COMPILATION_MODE = wholemodule;
				SWIFT_OPTIMIZATION_LEVEL = "-O";
				VALIDATE_PRODUCT = YES;
			};
			name = Release;
		};
		08FB21AF2170BEE1009AAC3F /* Debug */ = {
			isa = XCBuildConfiguration;
			buildSettings = {
				ASSETCATALOG_COMPILER_APPICON_NAME = AppIcon;
				CODE_SIGN_STYLE = Automatic;
				DEVELOPMENT_TEAM = Q92USUJGJG;
				INFOPLIST_FILE = Taskmaps/Info.plist;
				IPHONEOS_DEPLOYMENT_TARGET = 12.0;
				LD_RUNPATH_SEARCH_PATHS = (
					"$(inherited)",
					"@executable_path/Frameworks",
				);
				PRODUCT_BUNDLE_IDENTIFIER = com.fullstacknet.Taskmaps;
				PRODUCT_NAME = "$(TARGET_NAME)";
				SWIFT_VERSION = 4.2;
				TARGETED_DEVICE_FAMILY = "1,2";
			};
			name = Debug;
		};
		08FB21B02170BEE1009AAC3F /* Release */ = {
			isa = XCBuildConfiguration;
			buildSettings = {
				ASSETCATALOG_COMPILER_APPICON_NAME = AppIcon;
				CODE_SIGN_STYLE = Automatic;
				DEVELOPMENT_TEAM = Q92USUJGJG;
				INFOPLIST_FILE = Taskmaps/Info.plist;
				IPHONEOS_DEPLOYMENT_TARGET = 12.0;
				LD_RUNPATH_SEARCH_PATHS = (
					"$(inherited)",
					"@executable_path/Frameworks",
				);
				PRODUCT_BUNDLE_IDENTIFIER = com.fullstacknet.Taskmaps;
				PRODUCT_NAME = "$(TARGET_NAME)";
				SWIFT_VERSION = 4.2;
				TARGETED_DEVICE_FAMILY = "1,2";
			};
			name = Release;
		};
/* End XCBuildConfiguration section */

/* Begin XCConfigurationList section */
		08FB21972170BEDD009AAC3F /* Build configuration list for PBXProject "Taskmaps" */ = {
			isa = XCConfigurationList;
			buildConfigurations = (
				08FB21AC2170BEE1009AAC3F /* Debug */,
				08FB21AD2170BEE1009AAC3F /* Release */,
			);
			defaultConfigurationIsVisible = 0;
			defaultConfigurationName = Release;
		};
		08FB21AE2170BEE1009AAC3F /* Build configuration list for PBXNativeTarget "Taskmaps" */ = {
			isa = XCConfigurationList;
			buildConfigurations = (
				08FB21AF2170BEE1009AAC3F /* Debug */,
				08FB21B02170BEE1009AAC3F /* Release */,
			);
			defaultConfigurationIsVisible = 0;
			defaultConfigurationName = Release;
		};
/* End XCConfigurationList section */
	};
	rootObject = 08FB21942170BEDD009AAC3F /* Project object */;
}
